
Microsoft Visual Studio Solution File, Format Version 12.00
# Visual Studio Version 16
VisualStudioVersion = 16.0.29424.173
MinimumVisualStudioVersion = 10.0.40219.1
Project("{9A19103F-16F7-4668-BE54-9A1E7A4F7556}") = "Eventi.Web", "Eventi.Web\Eventi.Web.csproj", "{8185FB98-638C-448B-8EC5-683807823B3E}"
EndProject
Project("{9A19103F-16F7-4668-BE54-9A1E7A4F7556}") = "Eventi.Contracts", "Eventi.Contracts\Eventi.Contracts.csproj", "{5ADE2C41-2B55-42DB-AE11-D97573608B0A}"
EndProject
Project("{9A19103F-16F7-4668-BE54-9A1E7A4F7556}") = "Eventi.Database", "Eventi.Database\Eventi.Database.csproj", "{A1716EC7-7B75-4A1C-8F90-986E3C3EC3AE}"
EndProject
Project("{9A19103F-16F7-4668-BE54-9A1E7A4F7556}") = "Eventi.Domain", "Eventi.Domain\Eventi.Domain.csproj", "{F4405FB0-BE83-49F8-9B63-E8883BE07A4C}"
EndProject
Project("{9A19103F-16F7-4668-BE54-9A1E7A4F7556}") = "Eventi.WebAPI", "Eventi.WebAPI\Eventi.WebAPI.csproj", "{5906D4DB-815B-4FAE-A314-C3DEF28DAE6E}"
EndProject
Project("{9A19103F-16F7-4668-BE54-9A1E7A4F7556}") = "Eventi.Core", "Eventi.Core\Eventi.Core.csproj", "{F27D83EE-9456-424E-86F1-43A37514FDB5}"
EndProject
Project("{9A19103F-16F7-4668-BE54-9A1E7A4F7556}") = "Eventi.Services", "Eventi.Services\Eventi.Services.csproj", "{96E51070-4AF8-44A4-B6A2-8A170B73868C}"
EndProject
Project("{9A19103F-16F7-4668-BE54-9A1E7A4F7556}") = "Eventi.Common", "Eventi.Common\Eventi.Common.csproj", "{DF1FFB43-C122-4CF0-9AE8-872EC40F2710}"
EndProject
Project("{9A19103F-16F7-4668-BE54-9A1E7A4F7556}") = "Eventi.Sdk", "Eventi.Sdk\Eventi.Sdk.csproj", "{61ECAAA9-D5BF-481F-9FCE-48272F2F4E3F}"
EndProject
Global
	GlobalSection(SolutionConfigurationPlatforms) = preSolution
		Debug|Any CPU = Debug|Any CPU
		Release|Any CPU = Release|Any CPU
	EndGlobalSection
	GlobalSection(ProjectConfigurationPlatforms) = postSolution
		{8185FB98-638C-448B-8EC5-683807823B3E}.Debug|Any CPU.ActiveCfg = Debug|Any CPU
		{8185FB98-638C-448B-8EC5-683807823B3E}.Debug|Any CPU.Build.0 = Debug|Any CPU
		{8185FB98-638C-448B-8EC5-683807823B3E}.Release|Any CPU.ActiveCfg = Release|Any CPU
		{8185FB98-638C-448B-8EC5-683807823B3E}.Release|Any CPU.Build.0 = Release|Any CPU
		{5ADE2C41-2B55-42DB-AE11-D97573608B0A}.Debug|Any CPU.ActiveCfg = Debug|Any CPU
		{5ADE2C41-2B55-42DB-AE11-D97573608B0A}.Debug|Any CPU.Build.0 = Debug|Any CPU
		{5ADE2C41-2B55-42DB-AE11-D97573608B0A}.Release|Any CPU.ActiveCfg = Release|Any CPU
		{5ADE2C41-2B55-42DB-AE11-D97573608B0A}.Release|Any CPU.Build.0 = Release|Any CPU
		{A1716EC7-7B75-4A1C-8F90-986E3C3EC3AE}.Debug|Any CPU.ActiveCfg = Debug|Any CPU
		{A1716EC7-7B75-4A1C-8F90-986E3C3EC3AE}.Debug|Any CPU.Build.0 = Debug|Any CPU
		{A1716EC7-7B75-4A1C-8F90-986E3C3EC3AE}.Release|Any CPU.ActiveCfg = Release|Any CPU
		{A1716EC7-7B75-4A1C-8F90-986E3C3EC3AE}.Release|Any CPU.Build.0 = Release|Any CPU
		{F4405FB0-BE83-49F8-9B63-E8883BE07A4C}.Debug|Any CPU.ActiveCfg = Debug|Any CPU
		{F4405FB0-BE83-49F8-9B63-E8883BE07A4C}.Debug|Any CPU.Build.0 = Debug|Any CPU
		{F4405FB0-BE83-49F8-9B63-E8883BE07A4C}.Release|Any CPU.ActiveCfg = Release|Any CPU
		{F4405FB0-BE83-49F8-9B63-E8883BE07A4C}.Release|Any CPU.Build.0 = Release|Any CPU
		{5906D4DB-815B-4FAE-A314-C3DEF28DAE6E}.Debug|Any CPU.ActiveCfg = Debug|Any CPU
		{5906D4DB-815B-4FAE-A314-C3DEF28DAE6E}.Debug|Any CPU.Build.0 = Debug|Any CPU
		{5906D4DB-815B-4FAE-A314-C3DEF28DAE6E}.Release|Any CPU.ActiveCfg = Release|Any CPU
		{5906D4DB-815B-4FAE-A314-C3DEF28DAE6E}.Release|Any CPU.Build.0 = Release|Any CPU
		{F27D83EE-9456-424E-86F1-43A37514FDB5}.Debug|Any CPU.ActiveCfg = Debug|Any CPU
		{F27D83EE-9456-424E-86F1-43A37514FDB5}.Debug|Any CPU.Build.0 = Debug|Any CPU
		{F27D83EE-9456-424E-86F1-43A37514FDB5}.Release|Any CPU.ActiveCfg = Release|Any CPU
		{F27D83EE-9456-424E-86F1-43A37514FDB5}.Release|Any CPU.Build.0 = Release|Any CPU
		{96E51070-4AF8-44A4-B6A2-8A170B73868C}.Debug|Any CPU.ActiveCfg = Debug|Any CPU
		{96E51070-4AF8-44A4-B6A2-8A170B73868C}.Debug|Any CPU.Build.0 = Debug|Any CPU
		{96E51070-4AF8-44A4-B6A2-8A170B73868C}.Release|Any CPU.ActiveCfg = Release|Any CPU
		{96E51070-4AF8-44A4-B6A2-8A170B73868C}.Release|Any CPU.Build.0 = Release|Any CPU
		{DF1FFB43-C122-4CF0-9AE8-872EC40F2710}.Debug|Any CPU.ActiveCfg = Debug|Any CPU
		{DF1FFB43-C122-4CF0-9AE8-872EC40F2710}.Debug|Any CPU.Build.0 = Debug|Any CPU
		{DF1FFB43-C122-4CF0-9AE8-872EC40F2710}.Release|Any CPU.ActiveCfg = Release|Any CPU
		{DF1FFB43-C122-4CF0-9AE8-872EC40F2710}.Release|Any CPU.Build.0 = Release|Any CPU
		{61ECAAA9-D5BF-481F-9FCE-48272F2F4E3F}.Debug|Any CPU.ActiveCfg = Debug|Any CPU
		{61ECAAA9-D5BF-481F-9FCE-48272F2F4E3F}.Debug|Any CPU.Build.0 = Debug|Any CPU
		{61ECAAA9-D5BF-481F-9FCE-48272F2F4E3F}.Release|Any CPU.ActiveCfg = Release|Any CPU
		{61ECAAA9-D5BF-481F-9FCE-48272F2F4E3F}.Release|Any CPU.Build.0 = Release|Any CPU
	EndGlobalSection
	GlobalSection(SolutionProperties) = preSolution
		HideSolutionNode = FALSE
	EndGlobalSection
	GlobalSection(ExtensibilityGlobals) = postSolution
		SolutionGuid = {4C90883C-62FD-4C25-BA1A-CC706843E21E}
	EndGlobalSection
EndGlobal
